
Microsoft Visual Studio Solution File, Format Version 12.00
# Visual Studio Version 17
VisualStudioVersion = 17.2.32519.379
MinimumVisualStudioVersion = 10.0.40219.1
Project("{FAE04EC0-301F-11D3-BF4B-00C04F79EFBC}") = "Orders500", "Orders500\Orders500.csproj", "{06AE8B97-1BA5-46EF-A214-C596E3FE750E}"
EndProject
Global
	GlobalSection(SolutionConfigurationPlatforms) = preSolution
		Debug|Any CPU = Debug|Any CPU
		Release|Any CPU = Release|Any CPU
	EndGlobalSection
	GlobalSection(ProjectConfigurationPlatforms) = postSolution
		{06AE8B97-1BA5-46EF-A214-C596E3FE750E}.Debug|Any CPU.ActiveCfg = Debug|Any CPU
		{06AE8B97-1BA5-46EF-A214-C596E3FE750E}.Debug|Any CPU.Build.0 = Debug|Any CPU
		{06AE8B97-1BA5-46EF-A214-C596E3FE750E}.Release|Any CPU.ActiveCfg = Release|Any CPU
		{06AE8B97-1BA5-46EF-A214-C596E3FE750E}.Release|Any CPU.Build.0 = Release|Any CPU
	EndGlobalSection
	GlobalSection(SolutionProperties) = preSolution
		HideSolutionNode = FALSE
	EndGlobalSection
	GlobalSection(ExtensibilityGlobals) = postSolution
		SolutionGuid = {861A23D6-E62C-4C24-BEC0-02708C50880D}
	EndGlobalSection
EndGlobal
